<?xml version="1.0" encoding="utf-8"?>
<Project xmlns="http://schemas.microsoft.com/developer/msbuild/2003">
  <ItemGroup>
    <Filter Include="Generated Files">
      <UniqueIdentifier>{71ED8ED8-ACB9-4CE9-BBE1-E00B30144E11}</UniqueIdentifier>
      <Extensions>cpp;c;cxx;moc;h;def;odl;idl;res;</Extensions>
    </Filter>
    <Filter Include="Generated Files">
      <UniqueIdentifier>{71ED8ED8-ACB9-4CE9-BBE1-E00B30144E11}</UniqueIdentifier>
      <Extensions>cpp;c;cxx;moc;h;def;odl;idl;res;</Extensions>
    </Filter>
    <Filter Include="Header Files">
      <UniqueIdentifier>{93995380-89BD-4b04-88EB-625FBE52EBFB}</UniqueIdentifier>
      <Extensions>h;hpp;hxx;hm;inl;inc;xsd</Extensions>
    </Filter>
    <Filter Include="Header Files">
      <UniqueIdentifier>{93995380-89BD-4b04-88EB-625FBE52EBFB}</UniqueIdentifier>
      <Extensions>h;hpp;hxx;hm;inl;inc;xsd</Extensions>
    </Filter>
    <Filter Include="Resource Files">
      <UniqueIdentifier>{D9D6E242-F8AF-46E4-B9FD-80ECBC20BA3E}</UniqueIdentifier>
      <Extensions>qrc;*</Extensions>
      <ParseFiles>false</ParseFiles>
    </Filter>
    <Filter Include="Resource Files">
      <UniqueIdentifier>{D9D6E242-F8AF-46E4-B9FD-80ECBC20BA3E}</UniqueIdentifier>
      <Extensions>qrc;*</Extensions>
      <ParseFiles>false</ParseFiles>
    </Filter>
    <Filter Include="Source Files">
      <UniqueIdentifier>{4FC737F1-C7A5-4376-A066-2A32D752A2FF}</UniqueIdentifier>
      <Extensions>cpp;c;cxx;def;odl;idl;hpj;bat;asm;asmx</Extensions>
    </Filter>
    <Filter Include="Source Files">
      <UniqueIdentifier>{4FC737F1-C7A5-4376-A066-2A32D752A2FF}</UniqueIdentifier>
      <Extensions>cpp;c;cxx;def;odl;idl;hpj;bat;asm;asmx</Extensions>
    </Filter>
  </ItemGroup>
  <ItemGroup>
    <ClCompile Include="DockAreaTabBar.cpp">
      <Filter>Source Files</Filter>
    </ClCompile>
    <ClCompile Include="DockAreaTitleBar.cpp">
      <Filter>Source Files</Filter>
    </ClCompile>
    <ClCompile Include="DockAreaWidget.cpp">
      <Filter>Source Files</Filter>
    </ClCompile>
    <ClCompile Include="DockComponentsFactory.cpp">
      <Filter>Source Files</Filter>
    </ClCompile>
    <ClCompile Include="DockContainerWidget.cpp">
      <Filter>Source Files</Filter>
    </ClCompile>
    <ClCompile Include="DockFocusController.cpp">
      <Filter>Source Files</Filter>
    </ClCompile>
    <ClCompile Include="DockManager.cpp">
      <Filter>Source Files</Filter>
    </ClCompile>
    <ClCompile Include="DockOverlay.cpp">
      <Filter>Source Files</Filter>
    </ClCompile>
    <ClCompile Include="DockSplitter.cpp">
      <Filter>Source Files</Filter>
    </ClCompile>
    <ClCompile Include="DockWidget.cpp">
      <Filter>Source Files</Filter>
    </ClCompile>
    <ClCompile Include="DockWidgetTab.cpp">
      <Filter>Source Files</Filter>
    </ClCompile>
    <ClCompile Include="DockingStateReader.cpp">
      <Filter>Source Files</Filter>
    </ClCompile>
    <ClCompile Include="ElidingLabel.cpp">
      <Filter>Source Files</Filter>
    </ClCompile>
    <ClCompile Include="FloatingDockContainer.cpp">
      <Filter>Source Files</Filter>
    </ClCompile>
    <ClCompile Include="FloatingDragPreview.cpp">
      <Filter>Source Files</Filter>
    </ClCompile>
    <ClCompile Include="IconProvider.cpp">
      <Filter>Source Files</Filter>
    </ClCompile>
    <ClCompile Include="ads_globals.cpp">
      <Filter>Source Files</Filter>
    </ClCompile>
    <ClCompile Include="main_title_bar.cpp">
      <Filter>Source Files</Filter>
    </ClCompile>
  </ItemGroup>
  <ItemGroup>
    <QtMoc Include="..\..\include\dockingwindow\DockAreaTabBar.h">
      <Filter>Header Files</Filter>
    </QtMoc>
    <QtMoc Include="..\..\include\dockingwindow\DockAreaTitleBar.h">
      <Filter>Header Files</Filter>
    </QtMoc>
    <QtMoc Include="..\..\include\dockingwindow\DockAreaTitleBar_p.h">
      <Filter>Header Files</Filter>
    </QtMoc>
    <QtMoc Include="..\..\include\dockingwindow\DockAreaWidget.h">
      <Filter>Header Files</Filter>
    </QtMoc>
    <ClInclude Include="..\..\include\dockingwindow\DockComponentsFactory.h">
      <Filter>Header Files</Filter>
    </ClInclude>
    <QtMoc Include="..\..\include\dockingwindow\DockContainerWidget.h">
      <Filter>Header Files</Filter>
    </QtMoc>
    <QtMoc Include="..\..\include\dockingwindow\DockFocusController.h">
      <Filter>Header Files</Filter>
    </QtMoc>
    <QtMoc Include="..\..\include\dockingwindow\DockManager.h">
      <Filter>Header Files</Filter>
    </QtMoc>
    <QtMoc Include="..\..\include\dockingwindow\DockOverlay.h">
      <Filter>Header Files</Filter>
    </QtMoc>
    <QtMoc Include="..\..\include\dockingwindow\DockSplitter.h">
      <Filter>Header Files</Filter>
    </QtMoc>
    <QtMoc Include="..\..\include\dockingwindow\DockWidget.h">
      <Filter>Header Files</Filter>
    </QtMoc>
    <QtMoc Include="..\..\include\dockingwindow\DockWidgetTab.h">
      <Filter>Header Files</Filter>
    </QtMoc>
    <ClInclude Include="..\..\include\dockingwindow\DockingStateReader.h">
      <Filter>Header Files</Filter>
    </ClInclude>
    <QtMoc Include="..\..\include\dockingwindow\ElidingLabel.h">
      <Filter>Header Files</Filter>
    </QtMoc>
    <QtMoc Include="..\..\include\dockingwindow\FloatingDockContainer.h">
      <Filter>Header Files</Filter>
    </QtMoc>
    <QtMoc Include="..\..\include\dockingwindow\FloatingDragPreview.h">
      <Filter>Header Files</Filter>
    </QtMoc>
    <ClInclude Include="..\..\include\dockingwindow\IconProvider.h">
      <Filter>Header Files</Filter>
    </ClInclude>
    <ClInclude Include="..\..\include\dockingwindow\ads_globals.h">
      <Filter>Header Files</Filter>
    </ClInclude>
    <QtMoc Include="..\..\include\dockingwindow\main_title_bar.hpp">
      <Filter>Header Files</Filter>
    </QtMoc>
  </ItemGroup>
  <ItemGroup>
    <CustomBuild Include="debug\moc_predefs.h.cbt">
      <Filter>Generated Files</Filter>
    </CustomBuild>
    <CustomBuild Include="release\moc_predefs.h.cbt">
      <Filter>Generated Files</Filter>
    </CustomBuild>
  </ItemGroup>
  <ItemGroup>
    <QtRcc Include="ads.qrc">
      <Filter>Resource Files</Filter>
    </QtRcc>
    <None Include="images\close-button-disabled.svg">
      <Filter>Resource Files</Filter>
    </None>
    <None Include="images\close-button-focused.svg">
      <Filter>Resource Files</Filter>
    </None>
    <None Include="images\close-button.svg">
      <Filter>Resource Files</Filter>
    </None>
    <None Include="stylesheets\default.css">
      <Filter>Resource Files</Filter>
    </None>
    <None Include="stylesheets\default_linux.css">
      <Filter>Resource Files</Filter>
    </None>
    <None Include="stylesheets\focus_highlighting.css">
      <Filter>Resource Files</Filter>
    </None>
    <None Include="stylesheets\focus_highlighting_linux.css">
      <Filter>Resource Files</Filter>
    </None>
  </ItemGroup>
</Project>